github.com/amattn/xxhash-safe/v2 v2.12.0 h1:D/0XToSc8kEhaYSbB78SxM28Ts9sCsjvH4V4I2jH5x0=
github.com/amattn/xxhash-safe/v2 v2.12.0/go.mod h1:ILjEIvCA2KnttXfQCRD4yGd3oxjSXz8su9xh5R0qyYs=
github.com/bsm/ginkgo/v2 v2.7.0 h1:ItPMPH90RbmZJt5GtkcNvIRuGEdwlBItdNVoyzaNQao=
github.com/bsm/gomega v1.26.0 h1:LhQm+AFcgV2M0WyKroMASzAzCAJVpAxQXv4SaI9a69Y=
github.com/dgryski/go-rendezvous v0.0.0-20200823014737-9f7001d12a5f h1:lO4WD4F/rVNCu3HqELle0jiPLLBs70cWOduZpkS1E78=
github.com/dgryski/go-rendezvous v0.0.0-20200823014737-9f7001d12a5f/go.mod h1:cuUVRXasLTGF7a8hSLbxyZXjz+1KgoB3wDUb6vlszIc=
